
Microsoft Visual Studio Solution File, Format Version 12.00
# Visual Studio Version 16
VisualStudioVersion = 16.0.30114.105
MinimumVisualStudioVersion = 10.0.40219.1
Project("{FAE04EC0-301F-11D3-BF4B-00C04F79EFBC}") = "Smartynov.RabbitMq.Rpc", "Smartynov.RabbitMq.Rpc\Smartynov.RabbitMq.Rpc.csproj", "{96EB4708-DD9C-4CE3-873C-8FAE0C994434}"
EndProject
Project("{FAE04EC0-301F-11D3-BF4B-00C04F79EFBC}") = "Smartynov.RabbitMq.Rpc.Tests", "Smartynov.RabbitMq.Rpc.Tests\Smartynov.RabbitMq.Rpc.Tests.csproj", "{B97D3C92-A274-4942-93C2-CAA7532D8B34}"
EndProject
Project("{FAE04EC0-301F-11D3-BF4B-00C04F79EFBC}") = "Server", "Server\Server.csproj", "{9441F40E-6200-4911-8E8A-3F26827E084E}"
EndProject
Project("{FAE04EC0-301F-11D3-BF4B-00C04F79EFBC}") = "Client", "Client\Client.csproj", "{0C62A54B-CF11-435D-9721-FE05CA55B4B0}"
EndProject
Global
	GlobalSection(SolutionConfigurationPlatforms) = preSolution
		Debug|Any CPU = Debug|Any CPU
		Release|Any CPU = Release|Any CPU
	EndGlobalSection
	GlobalSection(SolutionProperties) = preSolution
		HideSolutionNode = FALSE
	EndGlobalSection
	GlobalSection(ProjectConfigurationPlatforms) = postSolution
		{96EB4708-DD9C-4CE3-873C-8FAE0C994434}.Debug|Any CPU.ActiveCfg = Debug|Any CPU
		{96EB4708-DD9C-4CE3-873C-8FAE0C994434}.Debug|Any CPU.Build.0 = Debug|Any CPU
		{96EB4708-DD9C-4CE3-873C-8FAE0C994434}.Release|Any CPU.ActiveCfg = Release|Any CPU
		{96EB4708-DD9C-4CE3-873C-8FAE0C994434}.Release|Any CPU.Build.0 = Release|Any CPU
		{B97D3C92-A274-4942-93C2-CAA7532D8B34}.Debug|Any CPU.ActiveCfg = Debug|Any CPU
		{B97D3C92-A274-4942-93C2-CAA7532D8B34}.Debug|Any CPU.Build.0 = Debug|Any CPU
		{B97D3C92-A274-4942-93C2-CAA7532D8B34}.Release|Any CPU.ActiveCfg = Release|Any CPU
		{B97D3C92-A274-4942-93C2-CAA7532D8B34}.Release|Any CPU.Build.0 = Release|Any CPU
		{9441F40E-6200-4911-8E8A-3F26827E084E}.Debug|Any CPU.ActiveCfg = Debug|Any CPU
		{9441F40E-6200-4911-8E8A-3F26827E084E}.Debug|Any CPU.Build.0 = Debug|Any CPU
		{9441F40E-6200-4911-8E8A-3F26827E084E}.Release|Any CPU.ActiveCfg = Release|Any CPU
		{9441F40E-6200-4911-8E8A-3F26827E084E}.Release|Any CPU.Build.0 = Release|Any CPU
		{0C62A54B-CF11-435D-9721-FE05CA55B4B0}.Debug|Any CPU.ActiveCfg = Debug|Any CPU
		{0C62A54B-CF11-435D-9721-FE05CA55B4B0}.Debug|Any CPU.Build.0 = Debug|Any CPU
		{0C62A54B-CF11-435D-9721-FE05CA55B4B0}.Release|Any CPU.ActiveCfg = Release|Any CPU
		{0C62A54B-CF11-435D-9721-FE05CA55B4B0}.Release|Any CPU.Build.0 = Release|Any CPU
	EndGlobalSection
EndGlobal
